PODS:
  - DVB (1.0.0):
    - STRegex (~> 0.4)
  - Nimble (5.0.0)
  - Quick (0.10.0)
  - STRegex (0.4.2)

DEPENDENCIES:
  - DVB (from `../`)
  - Nimble (~> 5.0)
  - Quick (~> 0.10)

EXTERNAL SOURCES:
  DVB:
    :path: "../"

SPEC CHECKSUMS:
  DVB: 14f48e8f1638da77e29288dc6a5210f8648bc645
  Nimble: 56fc9f5020effa2206de22c3dd910f4fb011b92f
  Quick: 5d290df1c69d5ee2f0729956dcf0fd9a30447eaa
  STRegex: 9b6e0a4300c8442d1aa93241c895eeec4cc56935

PODFILE CHECKSUM: d161afedf846c12cdb1ce3ed9dd5f7926cd3b5cd

COCOAPODS: 1.1.1
