PODS:
  - DVB (1.0.0)
  - Nimble (5.0.0)
  - Quick (0.10.0)

DEPENDENCIES:
  - DVB (from `../`)
  - Nimble (~> 5.0)
  - Quick (~> 0.10)

EXTERNAL SOURCES:
  DVB:
    :path: "../"

SPEC CHECKSUMS:
  DVB: 7f8aa44fa0414dfa56a314271ee67de6aa4a823d
  Nimble: 56fc9f5020effa2206de22c3dd910f4fb011b92f
  Quick: 5d290df1c69d5ee2f0729956dcf0fd9a30447eaa

PODFILE CHECKSUM: d161afedf846c12cdb1ce3ed9dd5f7926cd3b5cd

COCOAPODS: 1.1.1
