PODS:
  - DVB (2.0.0):
    - Kanna (~> 2.0)
  - Kanna (2.0.0)
  - Nimble (5.0.0)
  - Quick (0.10.0)

DEPENDENCIES:
  - DVB (from `../`)
  - Nimble (~> 5.0)
  - Quick (~> 0.10)

EXTERNAL SOURCES:
  DVB:
    :path: "../"

SPEC CHECKSUMS:
  DVB: 8878dfad5d69a67f0cfd4c5769f7db5b393b8563
  Kanna: 9a6637f72f5c77fe9c045b1efb2a5bb074754af8
  Nimble: 56fc9f5020effa2206de22c3dd910f4fb011b92f
  Quick: 5d290df1c69d5ee2f0729956dcf0fd9a30447eaa

PODFILE CHECKSUM: d161afedf846c12cdb1ce3ed9dd5f7926cd3b5cd

COCOAPODS: 1.1.0.rc.2
