// !$*UTF8*$!
{
	archiveVersion = 1;
	classes = {
	};
	objectVersion = 46;
	objects = {

/* Begin PBXAggregateTarget section */
		"DVB::DVBPackageTests::ProductTarget" /* DVBPackageTests */ = {
			isa = PBXAggregateTarget;
			buildConfigurationList = OBJ_109 /* Build configuration list for PBXAggregateTarget "DVBPackageTests" */;
			buildPhases = (
			);
			dependencies = (
				OBJ_112 /* PBXTargetDependency */,
			);
			name = DVBPackageTests;
			productName = DVBPackageTests;
		};
/* End PBXAggregateTarget section */

/* Begin PBXBuildFile section */
		39291FA01F81AFF40063E485 /* SAPDateDecoder.swift in Sources */ = {isa = PBXBuildFile; fileRef = 39291F9F1F81AFF40063E485 /* SAPDateDecoder.swift */; };
		OBJ_100 /* GaussKrueger.framework in Frameworks */ = {isa = PBXBuildFile; fileRef = "GaussKrueger::GaussKrueger::Product" /* GaussKrueger.framework */; };
		OBJ_106 /* gausskrueger.swift in Sources */ = {isa = PBXBuildFile; fileRef = OBJ_41 /* gausskrueger.swift */; };
		OBJ_51 /* Package.swift in Sources */ = {isa = PBXBuildFile; fileRef = OBJ_6 /* Package.swift */; };
		OBJ_57 /* Package.swift in Sources */ = {isa = PBXBuildFile; fileRef = OBJ_40 /* Package.swift */; };
		OBJ_63 /* DateTests.swift in Sources */ = {isa = PBXBuildFile; fileRef = OBJ_26 /* DateTests.swift */; };
		OBJ_64 /* DepartureTests.swift in Sources */ = {isa = PBXBuildFile; fileRef = OBJ_27 /* DepartureTests.swift */; };
		OBJ_65 /* LineTests.swift in Sources */ = {isa = PBXBuildFile; fileRef = OBJ_28 /* LineTests.swift */; };
		OBJ_66 /* ModeTests.swift in Sources */ = {isa = PBXBuildFile; fileRef = OBJ_29 /* ModeTests.swift */; };
		OBJ_67 /* POITests.swift in Sources */ = {isa = PBXBuildFile; fileRef = OBJ_30 /* POITests.swift */; };
		OBJ_68 /* ResultTests.swift in Sources */ = {isa = PBXBuildFile; fileRef = OBJ_31 /* ResultTests.swift */; };
		OBJ_69 /* RouteChangeTests.swift in Sources */ = {isa = PBXBuildFile; fileRef = OBJ_32 /* RouteChangeTests.swift */; };
		OBJ_70 /* RouteTests.swift in Sources */ = {isa = PBXBuildFile; fileRef = OBJ_33 /* RouteTests.swift */; };
		OBJ_71 /* StopTests.swift in Sources */ = {isa = PBXBuildFile; fileRef = OBJ_34 /* StopTests.swift */; };
		OBJ_72 /* TripTests.swift in Sources */ = {isa = PBXBuildFile; fileRef = OBJ_35 /* TripTests.swift */; };
		OBJ_74 /* DVB.framework in Frameworks */ = {isa = PBXBuildFile; fileRef = "DVB::DVB::Product" /* DVB.framework */; };
		OBJ_75 /* GaussKrueger.framework in Frameworks */ = {isa = PBXBuildFile; fileRef = "GaussKrueger::GaussKrueger::Product" /* GaussKrueger.framework */; };
		OBJ_84 /* DVBError.swift in Sources */ = {isa = PBXBuildFile; fileRef = OBJ_9 /* DVBError.swift */; };
		OBJ_85 /* Date+SAP.swift in Sources */ = {isa = PBXBuildFile; fileRef = OBJ_10 /* Date+SAP.swift */; };
		OBJ_86 /* Departure.swift in Sources */ = {isa = PBXBuildFile; fileRef = OBJ_11 /* Departure.swift */; };
		OBJ_87 /* Diva.swift in Sources */ = {isa = PBXBuildFile; fileRef = OBJ_12 /* Diva.swift */; };
		OBJ_88 /* Endpoint.swift in Sources */ = {isa = PBXBuildFile; fileRef = OBJ_13 /* Endpoint.swift */; };
		OBJ_89 /* Line.swift in Sources */ = {isa = PBXBuildFile; fileRef = OBJ_14 /* Line.swift */; };
		OBJ_90 /* Mode.swift in Sources */ = {isa = PBXBuildFile; fileRef = OBJ_15 /* Mode.swift */; };
		OBJ_91 /* Network.swift in Sources */ = {isa = PBXBuildFile; fileRef = OBJ_16 /* Network.swift */; };
		OBJ_92 /* POI.swift in Sources */ = {isa = PBXBuildFile; fileRef = OBJ_17 /* POI.swift */; };
		OBJ_93 /* Platform.swift in Sources */ = {isa = PBXBuildFile; fileRef = OBJ_18 /* Platform.swift */; };
		OBJ_94 /* Result.swift in Sources */ = {isa = PBXBuildFile; fileRef = OBJ_19 /* Result.swift */; };
		OBJ_95 /* Route.swift in Sources */ = {isa = PBXBuildFile; fileRef = OBJ_20 /* Route.swift */; };
		OBJ_96 /* RouteChange.swift in Sources */ = {isa = PBXBuildFile; fileRef = OBJ_21 /* RouteChange.swift */; };
		OBJ_97 /* Stop.swift in Sources */ = {isa = PBXBuildFile; fileRef = OBJ_22 /* Stop.swift */; };
		OBJ_98 /* Trip.swift in Sources */ = {isa = PBXBuildFile; fileRef = OBJ_23 /* Trip.swift */; };
/* End PBXBuildFile section */

/* Begin PBXContainerItemProxy section */
		39C5EE2D1F81426B004E3111 /* PBXContainerItemProxy */ = {
			isa = PBXContainerItemProxy;
			containerPortal = OBJ_1 /* Project object */;
			proxyType = 1;
			remoteGlobalIDString = "GaussKrueger::GaussKrueger";
			remoteInfo = GaussKrueger;
		};
		39C5EE2E1F81426B004E3111 /* PBXContainerItemProxy */ = {
			isa = PBXContainerItemProxy;
			containerPortal = OBJ_1 /* Project object */;
			proxyType = 1;
			remoteGlobalIDString = "DVB::DVB";
			remoteInfo = DVB;
		};
		39C5EE2F1F81426B004E3111 /* PBXContainerItemProxy */ = {
			isa = PBXContainerItemProxy;
			containerPortal = OBJ_1 /* Project object */;
			proxyType = 1;
			remoteGlobalIDString = "GaussKrueger::GaussKrueger";
			remoteInfo = GaussKrueger;
		};
		39C5EE301F81426B004E3111 /* PBXContainerItemProxy */ = {
			isa = PBXContainerItemProxy;
			containerPortal = OBJ_1 /* Project object */;
			proxyType = 1;
			remoteGlobalIDString = "DVB::DVBTests";
			remoteInfo = DVBTests;
		};
/* End PBXContainerItemProxy section */

/* Begin PBXFileReference section */
		39291F9F1F81AFF40063E485 /* SAPDateDecoder.swift */ = {isa = PBXFileReference; lastKnownFileType = sourcecode.swift; path = SAPDateDecoder.swift; sourceTree = "<group>"; };
		"DVB::DVB::Product" /* DVB.framework */ = {isa = PBXFileReference; explicitFileType = wrapper.framework; path = DVB.framework; sourceTree = BUILT_PRODUCTS_DIR; };
		"DVB::DVBTests::Product" /* DVBTests.xctest */ = {isa = PBXFileReference; lastKnownFileType = file; path = DVBTests.xctest; sourceTree = BUILT_PRODUCTS_DIR; };
		"GaussKrueger::GaussKrueger::Product" /* GaussKrueger.framework */ = {isa = PBXFileReference; explicitFileType = wrapper.framework; path = GaussKrueger.framework; sourceTree = BUILT_PRODUCTS_DIR; };
		OBJ_10 /* Date+SAP.swift */ = {isa = PBXFileReference; lastKnownFileType = sourcecode.swift; path = "Date+SAP.swift"; sourceTree = "<group>"; };
		OBJ_11 /* Departure.swift */ = {isa = PBXFileReference; lastKnownFileType = sourcecode.swift; path = Departure.swift; sourceTree = "<group>"; };
		OBJ_12 /* Diva.swift */ = {isa = PBXFileReference; lastKnownFileType = sourcecode.swift; path = Diva.swift; sourceTree = "<group>"; };
		OBJ_13 /* Endpoint.swift */ = {isa = PBXFileReference; lastKnownFileType = sourcecode.swift; path = Endpoint.swift; sourceTree = "<group>"; };
		OBJ_14 /* Line.swift */ = {isa = PBXFileReference; lastKnownFileType = sourcecode.swift; path = Line.swift; sourceTree = "<group>"; };
		OBJ_15 /* Mode.swift */ = {isa = PBXFileReference; lastKnownFileType = sourcecode.swift; path = Mode.swift; sourceTree = "<group>"; };
		OBJ_16 /* Network.swift */ = {isa = PBXFileReference; lastKnownFileType = sourcecode.swift; path = Network.swift; sourceTree = "<group>"; };
		OBJ_17 /* POI.swift */ = {isa = PBXFileReference; lastKnownFileType = sourcecode.swift; path = POI.swift; sourceTree = "<group>"; };
		OBJ_18 /* Platform.swift */ = {isa = PBXFileReference; lastKnownFileType = sourcecode.swift; path = Platform.swift; sourceTree = "<group>"; };
		OBJ_19 /* Result.swift */ = {isa = PBXFileReference; lastKnownFileType = sourcecode.swift; path = Result.swift; sourceTree = "<group>"; };
		OBJ_20 /* Route.swift */ = {isa = PBXFileReference; lastKnownFileType = sourcecode.swift; path = Route.swift; sourceTree = "<group>"; };
		OBJ_21 /* RouteChange.swift */ = {isa = PBXFileReference; lastKnownFileType = sourcecode.swift; path = RouteChange.swift; sourceTree = "<group>"; };
		OBJ_22 /* Stop.swift */ = {isa = PBXFileReference; lastKnownFileType = sourcecode.swift; path = Stop.swift; sourceTree = "<group>"; };
		OBJ_23 /* Trip.swift */ = {isa = PBXFileReference; lastKnownFileType = sourcecode.swift; path = Trip.swift; sourceTree = "<group>"; };
		OBJ_26 /* DateTests.swift */ = {isa = PBXFileReference; lastKnownFileType = sourcecode.swift; path = DateTests.swift; sourceTree = "<group>"; };
		OBJ_27 /* DepartureTests.swift */ = {isa = PBXFileReference; lastKnownFileType = sourcecode.swift; path = DepartureTests.swift; sourceTree = "<group>"; };
		OBJ_28 /* LineTests.swift */ = {isa = PBXFileReference; lastKnownFileType = sourcecode.swift; path = LineTests.swift; sourceTree = "<group>"; };
		OBJ_29 /* ModeTests.swift */ = {isa = PBXFileReference; lastKnownFileType = sourcecode.swift; path = ModeTests.swift; sourceTree = "<group>"; };
		OBJ_30 /* POITests.swift */ = {isa = PBXFileReference; lastKnownFileType = sourcecode.swift; path = POITests.swift; sourceTree = "<group>"; };
		OBJ_31 /* ResultTests.swift */ = {isa = PBXFileReference; lastKnownFileType = sourcecode.swift; path = ResultTests.swift; sourceTree = "<group>"; };
		OBJ_32 /* RouteChangeTests.swift */ = {isa = PBXFileReference; lastKnownFileType = sourcecode.swift; path = RouteChangeTests.swift; sourceTree = "<group>"; };
		OBJ_33 /* RouteTests.swift */ = {isa = PBXFileReference; lastKnownFileType = sourcecode.swift; path = RouteTests.swift; sourceTree = "<group>"; };
		OBJ_34 /* StopTests.swift */ = {isa = PBXFileReference; lastKnownFileType = sourcecode.swift; path = StopTests.swift; sourceTree = "<group>"; };
		OBJ_35 /* TripTests.swift */ = {isa = PBXFileReference; lastKnownFileType = sourcecode.swift; path = TripTests.swift; sourceTree = "<group>"; };
		OBJ_40 /* Package.swift */ = {isa = PBXFileReference; explicitFileType = sourcecode.swift; name = Package.swift; path = "/Users/kilian/dev/dvb/DVB/.build/checkouts/gausskrueger--4851931655673069520/Package.swift"; sourceTree = "<group>"; };
		OBJ_41 /* gausskrueger.swift */ = {isa = PBXFileReference; lastKnownFileType = sourcecode.swift; path = gausskrueger.swift; sourceTree = "<group>"; };
		OBJ_6 /* Package.swift */ = {isa = PBXFileReference; explicitFileType = sourcecode.swift; path = Package.swift; sourceTree = "<group>"; };
		OBJ_9 /* DVBError.swift */ = {isa = PBXFileReference; lastKnownFileType = sourcecode.swift; path = DVBError.swift; sourceTree = "<group>"; };
/* End PBXFileReference section */

/* Begin PBXFrameworksBuildPhase section */
		OBJ_107 /* Frameworks */ = {
			isa = PBXFrameworksBuildPhase;
			buildActionMask = 0;
			files = (
			);
			runOnlyForDeploymentPostprocessing = 0;
		};
		OBJ_73 /* Frameworks */ = {
			isa = PBXFrameworksBuildPhase;
			buildActionMask = 0;
			files = (
				OBJ_74 /* DVB.framework in Frameworks */,
				OBJ_75 /* GaussKrueger.framework in Frameworks */,
			);
			runOnlyForDeploymentPostprocessing = 0;
		};
		OBJ_99 /* Frameworks */ = {
			isa = PBXFrameworksBuildPhase;
			buildActionMask = 0;
			files = (
				OBJ_100 /* GaussKrueger.framework in Frameworks */,
			);
			runOnlyForDeploymentPostprocessing = 0;
		};
/* End PBXFrameworksBuildPhase section */

/* Begin PBXGroup section */
		39291FA11F81B93D0063E485 /* Models */ = {
			isa = PBXGroup;
			children = (
				OBJ_11 /* Departure.swift */,
				OBJ_12 /* Diva.swift */,
				OBJ_13 /* Endpoint.swift */,
				OBJ_14 /* Line.swift */,
				OBJ_15 /* Mode.swift */,
				OBJ_17 /* POI.swift */,
				OBJ_18 /* Platform.swift */,
				OBJ_20 /* Route.swift */,
				OBJ_21 /* RouteChange.swift */,
				OBJ_22 /* Stop.swift */,
				OBJ_23 /* Trip.swift */,
			);
			name = Models;
			path = Sources/DVB/Models;
			sourceTree = SOURCE_ROOT;
		};
		OBJ_24 /* Tests */ = {
			isa = PBXGroup;
			children = (
				OBJ_25 /* DVBTests */,
			);
			name = Tests;
			sourceTree = SOURCE_ROOT;
		};
		OBJ_25 /* DVBTests */ = {
			isa = PBXGroup;
			children = (
				OBJ_26 /* DateTests.swift */,
				OBJ_27 /* DepartureTests.swift */,
				OBJ_28 /* LineTests.swift */,
				OBJ_29 /* ModeTests.swift */,
				OBJ_30 /* POITests.swift */,
				OBJ_31 /* ResultTests.swift */,
				OBJ_32 /* RouteChangeTests.swift */,
				OBJ_33 /* RouteTests.swift */,
				OBJ_34 /* StopTests.swift */,
				OBJ_35 /* TripTests.swift */,
			);
			name = DVBTests;
			path = Tests/DVBTests;
			sourceTree = SOURCE_ROOT;
		};
		OBJ_38 /* Dependencies */ = {
			isa = PBXGroup;
			children = (
				OBJ_39 /* GaussKrueger 0.4.0 */,
			);
			name = Dependencies;
			sourceTree = "<group>";
		};
		OBJ_39 /* GaussKrueger 0.4.0 */ = {
			isa = PBXGroup;
			children = (
				OBJ_40 /* Package.swift */,
				OBJ_41 /* gausskrueger.swift */,
			);
			name = "GaussKrueger 0.4.0";
			path = ".build/checkouts/gausskrueger--4851931655673069520/Sources";
			sourceTree = SOURCE_ROOT;
		};
		OBJ_42 /* Products */ = {
			isa = PBXGroup;
			children = (
				"DVB::DVBTests::Product" /* DVBTests.xctest */,
				"DVB::DVB::Product" /* DVB.framework */,
				"GaussKrueger::GaussKrueger::Product" /* GaussKrueger.framework */,
			);
			name = Products;
			sourceTree = BUILT_PRODUCTS_DIR;
		};
		OBJ_5 = {
			isa = PBXGroup;
			children = (
				OBJ_6 /* Package.swift */,
				OBJ_7 /* Sources */,
				OBJ_24 /* Tests */,
				OBJ_38 /* Dependencies */,
				OBJ_42 /* Products */,
			);
			sourceTree = "<group>";
		};
		OBJ_7 /* Sources */ = {
			isa = PBXGroup;
			children = (
				OBJ_8 /* DVB */,
			);
			name = Sources;
			sourceTree = SOURCE_ROOT;
		};
		OBJ_8 /* DVB */ = {
			isa = PBXGroup;
			children = (
				39291FA11F81B93D0063E485 /* Models */,
				OBJ_9 /* DVBError.swift */,
				OBJ_10 /* Date+SAP.swift */,
				39291F9F1F81AFF40063E485 /* SAPDateDecoder.swift */,
				OBJ_16 /* Network.swift */,
				OBJ_19 /* Result.swift */,
			);
			name = DVB;
			path = Sources/DVB;
			sourceTree = SOURCE_ROOT;
		};
/* End PBXGroup section */

/* Begin PBXNativeTarget section */
		"DVB::DVB" /* DVB */ = {
			isa = PBXNativeTarget;
			buildConfigurationList = OBJ_80 /* Build configuration list for PBXNativeTarget "DVB" */;
			buildPhases = (
				39AD589F1F81BF460002D1E7 /* Swiftlint */,
				OBJ_83 /* Sources */,
				OBJ_99 /* Frameworks */,
			);
			buildRules = (
			);
			dependencies = (
				OBJ_101 /* PBXTargetDependency */,
			);
			name = DVB;
			productName = DVB;
			productReference = "DVB::DVB::Product" /* DVB.framework */;
			productType = "com.apple.product-type.framework";
		};
		"DVB::DVBTests" /* DVBTests */ = {
			isa = PBXNativeTarget;
			buildConfigurationList = OBJ_59 /* Build configuration list for PBXNativeTarget "DVBTests" */;
			buildPhases = (
				OBJ_62 /* Sources */,
				OBJ_73 /* Frameworks */,
			);
			buildRules = (
			);
			dependencies = (
				OBJ_76 /* PBXTargetDependency */,
				OBJ_78 /* PBXTargetDependency */,
			);
			name = DVBTests;
			productName = DVBTests;
			productReference = "DVB::DVBTests::Product" /* DVBTests.xctest */;
			productType = "com.apple.product-type.bundle.unit-test";
		};
		"DVB::SwiftPMPackageDescription" /* DVBPackageDescription */ = {
			isa = PBXNativeTarget;
			buildConfigurationList = OBJ_47 /* Build configuration list for PBXNativeTarget "DVBPackageDescription" */;
			buildPhases = (
				OBJ_50 /* Sources */,
			);
			buildRules = (
			);
			dependencies = (
			);
			name = DVBPackageDescription;
			productName = DVBPackageDescription;
			productType = "com.apple.product-type.framework";
		};
		"GaussKrueger::GaussKrueger" /* GaussKrueger */ = {
			isa = PBXNativeTarget;
			buildConfigurationList = OBJ_102 /* Build configuration list for PBXNativeTarget "GaussKrueger" */;
			buildPhases = (
				OBJ_105 /* Sources */,
				OBJ_107 /* Frameworks */,
			);
			buildRules = (
			);
			dependencies = (
			);
			name = GaussKrueger;
			productName = GaussKrueger;
			productReference = "GaussKrueger::GaussKrueger::Product" /* GaussKrueger.framework */;
			productType = "com.apple.product-type.framework";
		};
		"GaussKrueger::SwiftPMPackageDescription" /* GaussKruegerPackageDescription */ = {
			isa = PBXNativeTarget;
			buildConfigurationList = OBJ_53 /* Build configuration list for PBXNativeTarget "GaussKruegerPackageDescription" */;
			buildPhases = (
				OBJ_56 /* Sources */,
			);
			buildRules = (
			);
			dependencies = (
			);
			name = GaussKruegerPackageDescription;
			productName = GaussKruegerPackageDescription;
			productType = "com.apple.product-type.framework";
		};
/* End PBXNativeTarget section */

/* Begin PBXProject section */
		OBJ_1 /* Project object */ = {
			isa = PBXProject;
			attributes = {
				LastUpgradeCheck = 9999;
			};
			buildConfigurationList = OBJ_2 /* Build configuration list for PBXProject "DVB" */;
			compatibilityVersion = "Xcode 3.2";
			developmentRegion = English;
			hasScannedForEncodings = 0;
			knownRegions = (
				en,
			);
			mainGroup = OBJ_5;
			productRefGroup = OBJ_42 /* Products */;
			projectDirPath = "";
			projectRoot = "";
			targets = (
				"DVB::SwiftPMPackageDescription" /* DVBPackageDescription */,
				"GaussKrueger::SwiftPMPackageDescription" /* GaussKruegerPackageDescription */,
				"DVB::DVBTests" /* DVBTests */,
				"DVB::DVB" /* DVB */,
				"GaussKrueger::GaussKrueger" /* GaussKrueger */,
				"DVB::DVBPackageTests::ProductTarget" /* DVBPackageTests */,
			);
		};
/* End PBXProject section */

/* Begin PBXShellScriptBuildPhase section */
		39AD589F1F81BF460002D1E7 /* Swiftlint */ = {
			isa = PBXShellScriptBuildPhase;
			buildActionMask = 2147483647;
			files = (
			);
			inputPaths = (
			);
			name = Swiftlint;
			outputPaths = (
			);
			runOnlyForDeploymentPostprocessing = 0;
			shellPath = /bin/sh;
			shellScript = "if which swiftlint >/dev/null; then\n    swiftlint\nelse\n    echo \"warning: SwiftLint does not exist, download from https://github.com/realm/SwiftLint\"\nfi";
		};
/* End PBXShellScriptBuildPhase section */

/* Begin PBXSourcesBuildPhase section */
		OBJ_105 /* Sources */ = {
			isa = PBXSourcesBuildPhase;
			buildActionMask = 0;
			files = (
				OBJ_106 /* gausskrueger.swift in Sources */,
			);
			runOnlyForDeploymentPostprocessing = 0;
		};
		OBJ_50 /* Sources */ = {
			isa = PBXSourcesBuildPhase;
			buildActionMask = 0;
			files = (
				OBJ_51 /* Package.swift in Sources */,
			);
			runOnlyForDeploymentPostprocessing = 0;
		};
		OBJ_56 /* Sources */ = {
			isa = PBXSourcesBuildPhase;
			buildActionMask = 0;
			files = (
				OBJ_57 /* Package.swift in Sources */,
			);
			runOnlyForDeploymentPostprocessing = 0;
		};
		OBJ_62 /* Sources */ = {
			isa = PBXSourcesBuildPhase;
			buildActionMask = 0;
			files = (
				OBJ_63 /* DateTests.swift in Sources */,
				OBJ_64 /* DepartureTests.swift in Sources */,
				OBJ_65 /* LineTests.swift in Sources */,
				OBJ_66 /* ModeTests.swift in Sources */,
				OBJ_67 /* POITests.swift in Sources */,
				OBJ_68 /* ResultTests.swift in Sources */,
				OBJ_69 /* RouteChangeTests.swift in Sources */,
				OBJ_70 /* RouteTests.swift in Sources */,
				OBJ_71 /* StopTests.swift in Sources */,
				OBJ_72 /* TripTests.swift in Sources */,
			);
			runOnlyForDeploymentPostprocessing = 0;
		};
		OBJ_83 /* Sources */ = {
			isa = PBXSourcesBuildPhase;
			buildActionMask = 0;
			files = (
				OBJ_84 /* DVBError.swift in Sources */,
				OBJ_85 /* Date+SAP.swift in Sources */,
				OBJ_86 /* Departure.swift in Sources */,
				OBJ_87 /* Diva.swift in Sources */,
				OBJ_88 /* Endpoint.swift in Sources */,
				OBJ_89 /* Line.swift in Sources */,
				OBJ_90 /* Mode.swift in Sources */,
				39291FA01F81AFF40063E485 /* SAPDateDecoder.swift in Sources */,
				OBJ_91 /* Network.swift in Sources */,
				OBJ_92 /* POI.swift in Sources */,
				OBJ_93 /* Platform.swift in Sources */,
				OBJ_94 /* Result.swift in Sources */,
				OBJ_95 /* Route.swift in Sources */,
				OBJ_96 /* RouteChange.swift in Sources */,
				OBJ_97 /* Stop.swift in Sources */,
				OBJ_98 /* Trip.swift in Sources */,
			);
			runOnlyForDeploymentPostprocessing = 0;
		};
/* End PBXSourcesBuildPhase section */

/* Begin PBXTargetDependency section */
		OBJ_101 /* PBXTargetDependency */ = {
			isa = PBXTargetDependency;
			target = "GaussKrueger::GaussKrueger" /* GaussKrueger */;
			targetProxy = 39C5EE2D1F81426B004E3111 /* PBXContainerItemProxy */;
		};
		OBJ_112 /* PBXTargetDependency */ = {
			isa = PBXTargetDependency;
			target = "DVB::DVBTests" /* DVBTests */;
			targetProxy = 39C5EE301F81426B004E3111 /* PBXContainerItemProxy */;
		};
		OBJ_76 /* PBXTargetDependency */ = {
			isa = PBXTargetDependency;
			target = "DVB::DVB" /* DVB */;
			targetProxy = 39C5EE2E1F81426B004E3111 /* PBXContainerItemProxy */;
		};
		OBJ_78 /* PBXTargetDependency */ = {
			isa = PBXTargetDependency;
			target = "GaussKrueger::GaussKrueger" /* GaussKrueger */;
			targetProxy = 39C5EE2F1F81426B004E3111 /* PBXContainerItemProxy */;
		};
/* End PBXTargetDependency section */

/* Begin XCBuildConfiguration section */
		OBJ_103 /* Debug */ = {
			isa = XCBuildConfiguration;
			buildSettings = {
				ENABLE_TESTABILITY = YES;
				FRAMEWORK_SEARCH_PATHS = (
					"$(inherited)",
					"$(PLATFORM_DIR)/Developer/Library/Frameworks",
				);
				HEADER_SEARCH_PATHS = "$(inherited)";
				INFOPLIST_FILE = DVB.xcodeproj/GaussKrueger_Info.plist;
				LD_RUNPATH_SEARCH_PATHS = "$(TOOLCHAIN_DIR)/usr/lib/swift/macosx";
				OTHER_LDFLAGS = "$(inherited)";
				OTHER_SWIFT_FLAGS = "$(inherited)";
				PRODUCT_BUNDLE_IDENTIFIER = GaussKrueger;
				PRODUCT_MODULE_NAME = "$(TARGET_NAME:c99extidentifier)";
				PRODUCT_NAME = "$(TARGET_NAME:c99extidentifier)";
				SKIP_INSTALL = YES;
				SWIFT_VERSION = 4.0;
				TARGET_NAME = GaussKrueger;
			};
			name = Debug;
		};
		OBJ_104 /* Release */ = {
			isa = XCBuildConfiguration;
			buildSettings = {
				ENABLE_TESTABILITY = YES;
				FRAMEWORK_SEARCH_PATHS = (
					"$(inherited)",
					"$(PLATFORM_DIR)/Developer/Library/Frameworks",
				);
				HEADER_SEARCH_PATHS = "$(inherited)";
				INFOPLIST_FILE = DVB.xcodeproj/GaussKrueger_Info.plist;
				LD_RUNPATH_SEARCH_PATHS = "$(TOOLCHAIN_DIR)/usr/lib/swift/macosx";
				OTHER_LDFLAGS = "$(inherited)";
				OTHER_SWIFT_FLAGS = "$(inherited)";
				PRODUCT_BUNDLE_IDENTIFIER = GaussKrueger;
				PRODUCT_MODULE_NAME = "$(TARGET_NAME:c99extidentifier)";
				PRODUCT_NAME = "$(TARGET_NAME:c99extidentifier)";
				SKIP_INSTALL = YES;
				SWIFT_VERSION = 4.0;
				TARGET_NAME = GaussKrueger;
			};
			name = Release;
		};
		OBJ_110 /* Debug */ = {
			isa = XCBuildConfiguration;
			buildSettings = {
			};
			name = Debug;
		};
		OBJ_111 /* Release */ = {
			isa = XCBuildConfiguration;
			buildSettings = {
			};
			name = Release;
		};
		OBJ_3 /* Debug */ = {
			isa = XCBuildConfiguration;
			buildSettings = {
				CLANG_ENABLE_OBJC_ARC = YES;
				COMBINE_HIDPI_IMAGES = YES;
				COPY_PHASE_STRIP = NO;
				DEBUG_INFORMATION_FORMAT = dwarf;
				DYLIB_INSTALL_NAME_BASE = "@rpath";
				ENABLE_NS_ASSERTIONS = YES;
				GCC_OPTIMIZATION_LEVEL = 0;
				MACOSX_DEPLOYMENT_TARGET = 10.10;
				ONLY_ACTIVE_ARCH = YES;
				OTHER_SWIFT_FLAGS = "-DXcode";
				PRODUCT_NAME = "$(TARGET_NAME)";
				SDKROOT = macosx;
				SUPPORTED_PLATFORMS = "macosx iphoneos iphonesimulator appletvos appletvsimulator watchos watchsimulator";
				SWIFT_ACTIVE_COMPILATION_CONDITIONS = SWIFT_PACKAGE;
				SWIFT_OPTIMIZATION_LEVEL = "-Onone";
				USE_HEADERMAP = NO;
			};
			name = Debug;
		};
		OBJ_4 /* Release */ = {
			isa = XCBuildConfiguration;
			buildSettings = {
				CLANG_ENABLE_OBJC_ARC = YES;
				COMBINE_HIDPI_IMAGES = YES;
				COPY_PHASE_STRIP = YES;
				DEBUG_INFORMATION_FORMAT = "dwarf-with-dsym";
				DYLIB_INSTALL_NAME_BASE = "@rpath";
				GCC_OPTIMIZATION_LEVEL = s;
				MACOSX_DEPLOYMENT_TARGET = 10.10;
				OTHER_SWIFT_FLAGS = "-DXcode";
				PRODUCT_NAME = "$(TARGET_NAME)";
				SDKROOT = macosx;
				SUPPORTED_PLATFORMS = "macosx iphoneos iphonesimulator appletvos appletvsimulator watchos watchsimulator";
				SWIFT_ACTIVE_COMPILATION_CONDITIONS = SWIFT_PACKAGE;
				SWIFT_OPTIMIZATION_LEVEL = "-Owholemodule";
				USE_HEADERMAP = NO;
			};
			name = Release;
		};
		OBJ_48 /* Debug */ = {
			isa = XCBuildConfiguration;
			buildSettings = {
				LD = /usr/bin/true;
				OTHER_SWIFT_FLAGS = "-swift-version 4 -I /Applications/Xcode.app/Contents/Developer/Toolchains/XcodeDefault.xctoolchain/usr/lib/swift/pm/4 -target x86_64-apple-macosx10.10 -sdk /Applications/Xcode.app/Contents/Developer/Platforms/MacOSX.platform/Developer/SDKs/MacOSX10.13.sdk";
				SWIFT_VERSION = 4.0;
			};
			name = Debug;
		};
		OBJ_49 /* Release */ = {
			isa = XCBuildConfiguration;
			buildSettings = {
				LD = /usr/bin/true;
				OTHER_SWIFT_FLAGS = "-swift-version 4 -I /Applications/Xcode.app/Contents/Developer/Toolchains/XcodeDefault.xctoolchain/usr/lib/swift/pm/4 -target x86_64-apple-macosx10.10 -sdk /Applications/Xcode.app/Contents/Developer/Platforms/MacOSX.platform/Developer/SDKs/MacOSX10.13.sdk";
				SWIFT_VERSION = 4.0;
			};
			name = Release;
		};
		OBJ_54 /* Debug */ = {
			isa = XCBuildConfiguration;
			buildSettings = {
				LD = /usr/bin/true;
				OTHER_SWIFT_FLAGS = "-swift-version 4 -I /Applications/Xcode.app/Contents/Developer/Toolchains/XcodeDefault.xctoolchain/usr/lib/swift/pm/4 -target x86_64-apple-macosx10.10 -sdk /Applications/Xcode.app/Contents/Developer/Platforms/MacOSX.platform/Developer/SDKs/MacOSX10.13.sdk";
				SWIFT_VERSION = 4.0;
			};
			name = Debug;
		};
		OBJ_55 /* Release */ = {
			isa = XCBuildConfiguration;
			buildSettings = {
				LD = /usr/bin/true;
				OTHER_SWIFT_FLAGS = "-swift-version 4 -I /Applications/Xcode.app/Contents/Developer/Toolchains/XcodeDefault.xctoolchain/usr/lib/swift/pm/4 -target x86_64-apple-macosx10.10 -sdk /Applications/Xcode.app/Contents/Developer/Platforms/MacOSX.platform/Developer/SDKs/MacOSX10.13.sdk";
				SWIFT_VERSION = 4.0;
			};
			name = Release;
		};
		OBJ_60 /* Debug */ = {
			isa = XCBuildConfiguration;
			buildSettings = {
				EMBEDDED_CONTENT_CONTAINS_SWIFT = YES;
				FRAMEWORK_SEARCH_PATHS = (
					"$(inherited)",
					"$(PLATFORM_DIR)/Developer/Library/Frameworks",
				);
				HEADER_SEARCH_PATHS = "$(inherited)";
				INFOPLIST_FILE = DVB.xcodeproj/DVBTests_Info.plist;
				LD_RUNPATH_SEARCH_PATHS = "@loader_path/../Frameworks @loader_path/Frameworks";
				OTHER_LDFLAGS = "$(inherited)";
				OTHER_SWIFT_FLAGS = "$(inherited)";
				SWIFT_VERSION = 4.0;
				TARGET_NAME = DVBTests;
			};
			name = Debug;
		};
		OBJ_61 /* Release */ = {
			isa = XCBuildConfiguration;
			buildSettings = {
				EMBEDDED_CONTENT_CONTAINS_SWIFT = YES;
				FRAMEWORK_SEARCH_PATHS = (
					"$(inherited)",
					"$(PLATFORM_DIR)/Developer/Library/Frameworks",
				);
				HEADER_SEARCH_PATHS = "$(inherited)";
				INFOPLIST_FILE = DVB.xcodeproj/DVBTests_Info.plist;
				LD_RUNPATH_SEARCH_PATHS = "@loader_path/../Frameworks @loader_path/Frameworks";
				OTHER_LDFLAGS = "$(inherited)";
				OTHER_SWIFT_FLAGS = "$(inherited)";
				SWIFT_VERSION = 4.0;
				TARGET_NAME = DVBTests;
			};
			name = Release;
		};
		OBJ_81 /* Debug */ = {
			isa = XCBuildConfiguration;
			buildSettings = {
				ENABLE_TESTABILITY = YES;
				FRAMEWORK_SEARCH_PATHS = (
					"$(inherited)",
					"$(PLATFORM_DIR)/Developer/Library/Frameworks",
				);
				HEADER_SEARCH_PATHS = "$(inherited)";
				INFOPLIST_FILE = DVB.xcodeproj/DVB_Info.plist;
				LD_RUNPATH_SEARCH_PATHS = "$(TOOLCHAIN_DIR)/usr/lib/swift/macosx";
				OTHER_LDFLAGS = "$(inherited)";
				OTHER_SWIFT_FLAGS = "$(inherited)";
				PRODUCT_BUNDLE_IDENTIFIER = DVB;
				PRODUCT_MODULE_NAME = "$(TARGET_NAME:c99extidentifier)";
				PRODUCT_NAME = "$(TARGET_NAME:c99extidentifier)";
				SKIP_INSTALL = YES;
				SWIFT_VERSION = 4.0;
				TARGET_NAME = DVB;
			};
			name = Debug;
		};
		OBJ_82 /* Release */ = {
			isa = XCBuildConfiguration;
			buildSettings = {
				ENABLE_TESTABILITY = YES;
				FRAMEWORK_SEARCH_PATHS = (
					"$(inherited)",
					"$(PLATFORM_DIR)/Developer/Library/Frameworks",
				);
				HEADER_SEARCH_PATHS = "$(inherited)";
				INFOPLIST_FILE = DVB.xcodeproj/DVB_Info.plist;
				LD_RUNPATH_SEARCH_PATHS = "$(TOOLCHAIN_DIR)/usr/lib/swift/macosx";
				OTHER_LDFLAGS = "$(inherited)";
				OTHER_SWIFT_FLAGS = "$(inherited)";
				PRODUCT_BUNDLE_IDENTIFIER = DVB;
				PRODUCT_MODULE_NAME = "$(TARGET_NAME:c99extidentifier)";
				PRODUCT_NAME = "$(TARGET_NAME:c99extidentifier)";
				SKIP_INSTALL = YES;
				SWIFT_VERSION = 4.0;
				TARGET_NAME = DVB;
			};
			name = Release;
		};
/* End XCBuildConfiguration section */

/* Begin XCConfigurationList section */
		OBJ_102 /* Build configuration list for PBXNativeTarget "GaussKrueger" */ = {
			isa = XCConfigurationList;
			buildConfigurations = (
				OBJ_103 /* Debug */,
				OBJ_104 /* Release */,
			);
			defaultConfigurationIsVisible = 0;
			defaultConfigurationName = Debug;
		};
		OBJ_109 /* Build configuration list for PBXAggregateTarget "DVBPackageTests" */ = {
			isa = XCConfigurationList;
			buildConfigurations = (
				OBJ_110 /* Debug */,
				OBJ_111 /* Release */,
			);
			defaultConfigurationIsVisible = 0;
			defaultConfigurationName = Debug;
		};
		OBJ_2 /* Build configuration list for PBXProject "DVB" */ = {
			isa = XCConfigurationList;
			buildConfigurations = (
				OBJ_3 /* Debug */,
				OBJ_4 /* Release */,
			);
			defaultConfigurationIsVisible = 0;
			defaultConfigurationName = Debug;
		};
		OBJ_47 /* Build configuration list for PBXNativeTarget "DVBPackageDescription" */ = {
			isa = XCConfigurationList;
			buildConfigurations = (
				OBJ_48 /* Debug */,
				OBJ_49 /* Release */,
			);
			defaultConfigurationIsVisible = 0;
			defaultConfigurationName = Debug;
		};
		OBJ_53 /* Build configuration list for PBXNativeTarget "GaussKruegerPackageDescription" */ = {
			isa = XCConfigurationList;
			buildConfigurations = (
				OBJ_54 /* Debug */,
				OBJ_55 /* Release */,
			);
			defaultConfigurationIsVisible = 0;
			defaultConfigurationName = Debug;
		};
		OBJ_59 /* Build configuration list for PBXNativeTarget "DVBTests" */ = {
			isa = XCConfigurationList;
			buildConfigurations = (
				OBJ_60 /* Debug */,
				OBJ_61 /* Release */,
			);
			defaultConfigurationIsVisible = 0;
			defaultConfigurationName = Debug;
		};
		OBJ_80 /* Build configuration list for PBXNativeTarget "DVB" */ = {
			isa = XCConfigurationList;
			buildConfigurations = (
				OBJ_81 /* Debug */,
				OBJ_82 /* Release */,
			);
			defaultConfigurationIsVisible = 0;
			defaultConfigurationName = Debug;
		};
/* End XCConfigurationList section */
	};
	rootObject = OBJ_1 /* Project object */;
}
